
Microsoft Visual Studio Solution File, Format Version 12.00
# Visual Studio 14
VisualStudioVersion = 14.0.25123.0
MinimumVisualStudioVersion = 10.0.40219.1
Project("{FAE04EC0-301F-11D3-BF4B-00C04F79EFBC}") = "KonomiApp.Droid", "KonomiApp\KonomiApp.Droid\KonomiApp.Droid.csproj", "{CA690247-B0CF-48DA-B9CC-EEB7F83FA450}"
EndProject
Project("{FAE04EC0-301F-11D3-BF4B-00C04F79EFBC}") = "KonomiApp.iOS", "KonomiApp\KonomiApp.iOS\KonomiApp.iOS.csproj", "{9054BFE5-E236-48CB-BD8B-0EC062216EFD}"
EndProject
Project("{FAE04EC0-301F-11D3-BF4B-00C04F79EFBC}") = "KonomiApp.WinPhone", "KonomiApp\KonomiApp.WinPhone\KonomiApp.WinPhone.csproj", "{20B0081D-E8C4-409B-8058-D1E6C6994EB0}"
EndProject
Project("{FAE04EC0-301F-11D3-BF4B-00C04F79EFBC}") = "KonomiApp.UWP", "KonomiApp\KonomiApp.UWP\KonomiApp.UWP.csproj", "{E2C62810-30B5-4BE2-8995-58C8DE440C3D}"
EndProject
Project("{FAE04EC0-301F-11D3-BF4B-00C04F79EFBC}") = "KonomiApp.Windows", "KonomiApp\KonomiApp.Windows\KonomiApp.Windows.csproj", "{8AF2942A-5396-4C95-8967-6394F260E711}"
EndProject
Project("{FAE04EC0-301F-11D3-BF4B-00C04F79EFBC}") = "KonomiApp", "KonomiApp\KonomiApp\KonomiApp.csproj", "{0C389DD8-D64B-4940-9743-735644E8DF99}"
EndProject
Global
	GlobalSection(SolutionConfigurationPlatforms) = preSolution
		Ad-Hoc|Any CPU = Ad-Hoc|Any CPU
		Ad-Hoc|ARM = Ad-Hoc|ARM
		Ad-Hoc|iPhone = Ad-Hoc|iPhone
		Ad-Hoc|iPhoneSimulator = Ad-Hoc|iPhoneSimulator
		Ad-Hoc|x64 = Ad-Hoc|x64
		Ad-Hoc|x86 = Ad-Hoc|x86
		AppStore|Any CPU = AppStore|Any CPU
		AppStore|ARM = AppStore|ARM
		AppStore|iPhone = AppStore|iPhone
		AppStore|iPhoneSimulator = AppStore|iPhoneSimulator
		AppStore|x64 = AppStore|x64
		AppStore|x86 = AppStore|x86
		Debug|Any CPU = Debug|Any CPU
		Debug|ARM = Debug|ARM
		Debug|iPhone = Debug|iPhone
		Debug|iPhoneSimulator = Debug|iPhoneSimulator
		Debug|x64 = Debug|x64
		Debug|x86 = Debug|x86
		Release|Any CPU = Release|Any CPU
		Release|ARM = Release|ARM
		Release|iPhone = Release|iPhone
		Release|iPhoneSimulator = Release|iPhoneSimulator
		Release|x64 = Release|x64
		Release|x86 = Release|x86
	EndGlobalSection
	GlobalSection(ProjectConfigurationPlatforms) = postSolution
		{CA690247-B0CF-48DA-B9CC-EEB7F83FA450}.Ad-Hoc|Any CPU.ActiveCfg = Release|Any CPU
		{CA690247-B0CF-48DA-B9CC-EEB7F83FA450}.Ad-Hoc|Any CPU.Build.0 = Release|Any CPU
		{CA690247-B0CF-48DA-B9CC-EEB7F83FA450}.Ad-Hoc|Any CPU.Deploy.0 = Release|Any CPU
		{CA690247-B0CF-48DA-B9CC-EEB7F83FA450}.Ad-Hoc|ARM.ActiveCfg = Release|Any CPU
		{CA690247-B0CF-48DA-B9CC-EEB7F83FA450}.Ad-Hoc|ARM.Build.0 = Release|Any CPU
		{CA690247-B0CF-48DA-B9CC-EEB7F83FA450}.Ad-Hoc|ARM.Deploy.0 = Release|Any CPU
		{CA690247-B0CF-48DA-B9CC-EEB7F83FA450}.Ad-Hoc|iPhone.ActiveCfg = Release|Any CPU
		{CA690247-B0CF-48DA-B9CC-EEB7F83FA450}.Ad-Hoc|iPhone.Build.0 = Release|Any CPU
		{CA690247-B0CF-48DA-B9CC-EEB7F83FA450}.Ad-Hoc|iPhone.Deploy.0 = Release|Any CPU
		{CA690247-B0CF-48DA-B9CC-EEB7F83FA450}.Ad-Hoc|iPhoneSimulator.ActiveCfg = Release|Any CPU
		{CA690247-B0CF-48DA-B9CC-EEB7F83FA450}.Ad-Hoc|iPhoneSimulator.Build.0 = Release|Any CPU
		{CA690247-B0CF-48DA-B9CC-EEB7F83FA450}.Ad-Hoc|iPhoneSimulator.Deploy.0 = Release|Any CPU
		{CA690247-B0CF-48DA-B9CC-EEB7F83FA450}.Ad-Hoc|x64.ActiveCfg = Release|Any CPU
		{CA690247-B0CF-48DA-B9CC-EEB7F83FA450}.Ad-Hoc|x64.Build.0 = Release|Any CPU
		{CA690247-B0CF-48DA-B9CC-EEB7F83FA450}.Ad-Hoc|x64.Deploy.0 = Release|Any CPU
		{CA690247-B0CF-48DA-B9CC-EEB7F83FA450}.Ad-Hoc|x86.ActiveCfg = Release|Any CPU
		{CA690247-B0CF-48DA-B9CC-EEB7F83FA450}.Ad-Hoc|x86.Build.0 = Release|Any CPU
		{CA690247-B0CF-48DA-B9CC-EEB7F83FA450}.Ad-Hoc|x86.Deploy.0 = Release|Any CPU
		{CA690247-B0CF-48DA-B9CC-EEB7F83FA450}.AppStore|Any CPU.ActiveCfg = Release|Any CPU
		{CA690247-B0CF-48DA-B9CC-EEB7F83FA450}.AppStore|Any CPU.Build.0 = Release|Any CPU
		{CA690247-B0CF-48DA-B9CC-EEB7F83FA450}.AppStore|Any CPU.Deploy.0 = Release|Any CPU
		{CA690247-B0CF-48DA-B9CC-EEB7F83FA450}.AppStore|ARM.ActiveCfg = Release|Any CPU
		{CA690247-B0CF-48DA-B9CC-EEB7F83FA450}.AppStore|ARM.Build.0 = Release|Any CPU
		{CA690247-B0CF-48DA-B9CC-EEB7F83FA450}.AppStore|ARM.Deploy.0 = Release|Any CPU
		{CA690247-B0CF-48DA-B9CC-EEB7F83FA450}.AppStore|iPhone.ActiveCfg = Release|Any CPU
		{CA690247-B0CF-48DA-B9CC-EEB7F83FA450}.AppStore|iPhone.Build.0 = Release|Any CPU
		{CA690247-B0CF-48DA-B9CC-EEB7F83FA450}.AppStore|iPhone.Deploy.0 = Release|Any CPU
		{CA690247-B0CF-48DA-B9CC-EEB7F83FA450}.AppStore|iPhoneSimulator.ActiveCfg = Release|Any CPU
		{CA690247-B0CF-48DA-B9CC-EEB7F83FA450}.AppStore|iPhoneSimulator.Build.0 = Release|Any CPU
		{CA690247-B0CF-48DA-B9CC-EEB7F83FA450}.AppStore|iPhoneSimulator.Deploy.0 = Release|Any CPU
		{CA690247-B0CF-48DA-B9CC-EEB7F83FA450}.AppStore|x64.ActiveCfg = Release|Any CPU
		{CA690247-B0CF-48DA-B9CC-EEB7F83FA450}.AppStore|x64.Build.0 = Release|Any CPU
		{CA690247-B0CF-48DA-B9CC-EEB7F83FA450}.AppStore|x64.Deploy.0 = Release|Any CPU
		{CA690247-B0CF-48DA-B9CC-EEB7F83FA450}.AppStore|x86.ActiveCfg = Release|Any CPU
		{CA690247-B0CF-48DA-B9CC-EEB7F83FA450}.AppStore|x86.Build.0 = Release|Any CPU
		{CA690247-B0CF-48DA-B9CC-EEB7F83FA450}.AppStore|x86.Deploy.0 = Release|Any CPU
		{CA690247-B0CF-48DA-B9CC-EEB7F83FA450}.Debug|Any CPU.ActiveCfg = Debug|Any CPU
		{CA690247-B0CF-48DA-B9CC-EEB7F83FA450}.Debug|Any CPU.Build.0 = Debug|Any CPU
		{CA690247-B0CF-48DA-B9CC-EEB7F83FA450}.Debug|Any CPU.Deploy.0 = Debug|Any CPU
		{CA690247-B0CF-48DA-B9CC-EEB7F83FA450}.Debug|ARM.ActiveCfg = Debug|Any CPU
		{CA690247-B0CF-48DA-B9CC-EEB7F83FA450}.Debug|ARM.Build.0 = Debug|Any CPU
		{CA690247-B0CF-48DA-B9CC-EEB7F83FA450}.Debug|ARM.Deploy.0 = Debug|Any CPU
		{CA690247-B0CF-48DA-B9CC-EEB7F83FA450}.Debug|iPhone.ActiveCfg = Debug|Any CPU
		{CA690247-B0CF-48DA-B9CC-EEB7F83FA450}.Debug|iPhone.Build.0 = Debug|Any CPU
		{CA690247-B0CF-48DA-B9CC-EEB7F83FA450}.Debug|iPhone.Deploy.0 = Debug|Any CPU
		{CA690247-B0CF-48DA-B9CC-EEB7F83FA450}.Debug|iPhoneSimulator.ActiveCfg = Debug|Any CPU
		{CA690247-B0CF-48DA-B9CC-EEB7F83FA450}.Debug|iPhoneSimulator.Build.0 = Debug|Any CPU
		{CA690247-B0CF-48DA-B9CC-EEB7F83FA450}.Debug|iPhoneSimulator.Deploy.0 = Debug|Any CPU
		{CA690247-B0CF-48DA-B9CC-EEB7F83FA450}.Debug|x64.ActiveCfg = Debug|Any CPU
		{CA690247-B0CF-48DA-B9CC-EEB7F83FA450}.Debug|x64.Build.0 = Debug|Any CPU
		{CA690247-B0CF-48DA-B9CC-EEB7F83FA450}.Debug|x64.Deploy.0 = Debug|Any CPU
		{CA690247-B0CF-48DA-B9CC-EEB7F83FA450}.Debug|x86.ActiveCfg = Debug|Any CPU
		{CA690247-B0CF-48DA-B9CC-EEB7F83FA450}.Debug|x86.Build.0 = Debug|Any CPU
		{CA690247-B0CF-48DA-B9CC-EEB7F83FA450}.Debug|x86.Deploy.0 = Debug|Any CPU
		{CA690247-B0CF-48DA-B9CC-EEB7F83FA450}.Release|Any CPU.ActiveCfg = Release|Any CPU
		{CA690247-B0CF-48DA-B9CC-EEB7F83FA450}.Release|Any CPU.Build.0 = Release|Any CPU
		{CA690247-B0CF-48DA-B9CC-EEB7F83FA450}.Release|Any CPU.Deploy.0 = Release|Any CPU
		{CA690247-B0CF-48DA-B9CC-EEB7F83FA450}.Release|ARM.ActiveCfg = Release|Any CPU
		{CA690247-B0CF-48DA-B9CC-EEB7F83FA450}.Release|ARM.Build.0 = Release|Any CPU
		{CA690247-B0CF-48DA-B9CC-EEB7F83FA450}.Release|ARM.Deploy.0 = Release|Any CPU
		{CA690247-B0CF-48DA-B9CC-EEB7F83FA450}.Release|iPhone.ActiveCfg = Release|Any CPU
		{CA690247-B0CF-48DA-B9CC-EEB7F83FA450}.Release|iPhone.Build.0 = Release|Any CPU
		{CA690247-B0CF-48DA-B9CC-EEB7F83FA450}.Release|iPhone.Deploy.0 = Release|Any CPU
		{CA690247-B0CF-48DA-B9CC-EEB7F83FA450}.Release|iPhoneSimulator.ActiveCfg = Release|Any CPU
		{CA690247-B0CF-48DA-B9CC-EEB7F83FA450}.Release|iPhoneSimulator.Build.0 = Release|Any CPU
		{CA690247-B0CF-48DA-B9CC-EEB7F83FA450}.Release|iPhoneSimulator.Deploy.0 = Release|Any CPU
		{CA690247-B0CF-48DA-B9CC-EEB7F83FA450}.Release|x64.ActiveCfg = Release|Any CPU
		{CA690247-B0CF-48DA-B9CC-EEB7F83FA450}.Release|x64.Build.0 = Release|Any CPU
		{CA690247-B0CF-48DA-B9CC-EEB7F83FA450}.Release|x64.Deploy.0 = Release|Any CPU
		{CA690247-B0CF-48DA-B9CC-EEB7F83FA450}.Release|x86.ActiveCfg = Release|Any CPU
		{CA690247-B0CF-48DA-B9CC-EEB7F83FA450}.Release|x86.Build.0 = Release|Any CPU
		{CA690247-B0CF-48DA-B9CC-EEB7F83FA450}.Release|x86.Deploy.0 = Release|Any CPU
		{9054BFE5-E236-48CB-BD8B-0EC062216EFD}.Ad-Hoc|Any CPU.ActiveCfg = Ad-Hoc|iPhone
		{9054BFE5-E236-48CB-BD8B-0EC062216EFD}.Ad-Hoc|ARM.ActiveCfg = Ad-Hoc|iPhone
		{9054BFE5-E236-48CB-BD8B-0EC062216EFD}.Ad-Hoc|iPhone.ActiveCfg = Ad-Hoc|iPhone
		{9054BFE5-E236-48CB-BD8B-0EC062216EFD}.Ad-Hoc|iPhone.Build.0 = Ad-Hoc|iPhone
		{9054BFE5-E236-48CB-BD8B-0EC062216EFD}.Ad-Hoc|iPhoneSimulator.ActiveCfg = Ad-Hoc|iPhoneSimulator
		{9054BFE5-E236-48CB-BD8B-0EC062216EFD}.Ad-Hoc|iPhoneSimulator.Build.0 = Ad-Hoc|iPhoneSimulator
		{9054BFE5-E236-48CB-BD8B-0EC062216EFD}.Ad-Hoc|x64.ActiveCfg = Ad-Hoc|iPhone
		{9054BFE5-E236-48CB-BD8B-0EC062216EFD}.Ad-Hoc|x86.ActiveCfg = Ad-Hoc|iPhone
		{9054BFE5-E236-48CB-BD8B-0EC062216EFD}.AppStore|Any CPU.ActiveCfg = AppStore|iPhone
		{9054BFE5-E236-48CB-BD8B-0EC062216EFD}.AppStore|ARM.ActiveCfg = AppStore|iPhone
		{9054BFE5-E236-48CB-BD8B-0EC062216EFD}.AppStore|iPhone.ActiveCfg = AppStore|iPhone
		{9054BFE5-E236-48CB-BD8B-0EC062216EFD}.AppStore|iPhone.Build.0 = AppStore|iPhone
		{9054BFE5-E236-48CB-BD8B-0EC062216EFD}.AppStore|iPhoneSimulator.ActiveCfg = AppStore|iPhoneSimulator
		{9054BFE5-E236-48CB-BD8B-0EC062216EFD}.AppStore|iPhoneSimulator.Build.0 = AppStore|iPhoneSimulator
		{9054BFE5-E236-48CB-BD8B-0EC062216EFD}.AppStore|x64.ActiveCfg = AppStore|iPhone
		{9054BFE5-E236-48CB-BD8B-0EC062216EFD}.AppStore|x86.ActiveCfg = AppStore|iPhone
		{9054BFE5-E236-48CB-BD8B-0EC062216EFD}.Debug|Any CPU.ActiveCfg = Debug|iPhone
		{9054BFE5-E236-48CB-BD8B-0EC062216EFD}.Debug|ARM.ActiveCfg = Debug|iPhone
		{9054BFE5-E236-48CB-BD8B-0EC062216EFD}.Debug|iPhone.ActiveCfg = Debug|iPhone
		{9054BFE5-E236-48CB-BD8B-0EC062216EFD}.Debug|iPhone.Build.0 = Debug|iPhone
		{9054BFE5-E236-48CB-BD8B-0EC062216EFD}.Debug|iPhoneSimulator.ActiveCfg = Debug|iPhoneSimulator
		{9054BFE5-E236-48CB-BD8B-0EC062216EFD}.Debug|iPhoneSimulator.Build.0 = Debug|iPhoneSimulator
		{9054BFE5-E236-48CB-BD8B-0EC062216EFD}.Debug|x64.ActiveCfg = Debug|iPhone
		{9054BFE5-E236-48CB-BD8B-0EC062216EFD}.Debug|x86.ActiveCfg = Debug|iPhone
		{9054BFE5-E236-48CB-BD8B-0EC062216EFD}.Release|Any CPU.ActiveCfg = Release|iPhone
		{9054BFE5-E236-48CB-BD8B-0EC062216EFD}.Release|ARM.ActiveCfg = Release|iPhone
		{9054BFE5-E236-48CB-BD8B-0EC062216EFD}.Release|iPhone.ActiveCfg = Release|iPhone
		{9054BFE5-E236-48CB-BD8B-0EC062216EFD}.Release|iPhone.Build.0 = Release|iPhone
		{9054BFE5-E236-48CB-BD8B-0EC062216EFD}.Release|iPhoneSimulator.ActiveCfg = Release|iPhoneSimulator
		{9054BFE5-E236-48CB-BD8B-0EC062216EFD}.Release|iPhoneSimulator.Build.0 = Release|iPhoneSimulator
		{9054BFE5-E236-48CB-BD8B-0EC062216EFD}.Release|x64.ActiveCfg = Release|iPhone
		{9054BFE5-E236-48CB-BD8B-0EC062216EFD}.Release|x86.ActiveCfg = Release|iPhone
		{20B0081D-E8C4-409B-8058-D1E6C6994EB0}.Ad-Hoc|Any CPU.ActiveCfg = Release|Any CPU
		{20B0081D-E8C4-409B-8058-D1E6C6994EB0}.Ad-Hoc|Any CPU.Build.0 = Release|Any CPU
		{20B0081D-E8C4-409B-8058-D1E6C6994EB0}.Ad-Hoc|Any CPU.Deploy.0 = Release|Any CPU
		{20B0081D-E8C4-409B-8058-D1E6C6994EB0}.Ad-Hoc|ARM.ActiveCfg = Release|ARM
		{20B0081D-E8C4-409B-8058-D1E6C6994EB0}.Ad-Hoc|ARM.Build.0 = Release|ARM
		{20B0081D-E8C4-409B-8058-D1E6C6994EB0}.Ad-Hoc|ARM.Deploy.0 = Release|ARM
		{20B0081D-E8C4-409B-8058-D1E6C6994EB0}.Ad-Hoc|iPhone.ActiveCfg = Release|Any CPU
		{20B0081D-E8C4-409B-8058-D1E6C6994EB0}.Ad-Hoc|iPhone.Build.0 = Release|Any CPU
		{20B0081D-E8C4-409B-8058-D1E6C6994EB0}.Ad-Hoc|iPhone.Deploy.0 = Release|Any CPU
		{20B0081D-E8C4-409B-8058-D1E6C6994EB0}.Ad-Hoc|iPhoneSimulator.ActiveCfg = Release|Any CPU
		{20B0081D-E8C4-409B-8058-D1E6C6994EB0}.Ad-Hoc|iPhoneSimulator.Build.0 = Release|Any CPU
		{20B0081D-E8C4-409B-8058-D1E6C6994EB0}.Ad-Hoc|iPhoneSimulator.Deploy.0 = Release|Any CPU
		{20B0081D-E8C4-409B-8058-D1E6C6994EB0}.Ad-Hoc|x64.ActiveCfg = Release|Any CPU
		{20B0081D-E8C4-409B-8058-D1E6C6994EB0}.Ad-Hoc|x64.Build.0 = Release|Any CPU
		{20B0081D-E8C4-409B-8058-D1E6C6994EB0}.Ad-Hoc|x64.Deploy.0 = Release|Any CPU
		{20B0081D-E8C4-409B-8058-D1E6C6994EB0}.Ad-Hoc|x86.ActiveCfg = Release|x86
		{20B0081D-E8C4-409B-8058-D1E6C6994EB0}.Ad-Hoc|x86.Build.0 = Release|x86
		{20B0081D-E8C4-409B-8058-D1E6C6994EB0}.Ad-Hoc|x86.Deploy.0 = Release|x86
		{20B0081D-E8C4-409B-8058-D1E6C6994EB0}.AppStore|Any CPU.ActiveCfg = Release|Any CPU
		{20B0081D-E8C4-409B-8058-D1E6C6994EB0}.AppStore|Any CPU.Build.0 = Release|Any CPU
		{20B0081D-E8C4-409B-8058-D1E6C6994EB0}.AppStore|Any CPU.Deploy.0 = Release|Any CPU
		{20B0081D-E8C4-409B-8058-D1E6C6994EB0}.AppStore|ARM.ActiveCfg = Release|ARM
		{20B0081D-E8C4-409B-8058-D1E6C6994EB0}.AppStore|ARM.Build.0 = Release|ARM
		{20B0081D-E8C4-409B-8058-D1E6C6994EB0}.AppStore|ARM.Deploy.0 = Release|ARM
		{20B0081D-E8C4-409B-8058-D1E6C6994EB0}.AppStore|iPhone.ActiveCfg = Release|Any CPU
		{20B0081D-E8C4-409B-8058-D1E6C6994EB0}.AppStore|iPhone.Build.0 = Release|Any CPU
		{20B0081D-E8C4-409B-8058-D1E6C6994EB0}.AppStore|iPhone.Deploy.0 = Release|Any CPU
		{20B0081D-E8C4-409B-8058-D1E6C6994EB0}.AppStore|iPhoneSimulator.ActiveCfg = Release|Any CPU
		{20B0081D-E8C4-409B-8058-D1E6C6994EB0}.AppStore|iPhoneSimulator.Build.0 = Release|Any CPU
		{20B0081D-E8C4-409B-8058-D1E6C6994EB0}.AppStore|iPhoneSimulator.Deploy.0 = Release|Any CPU
		{20B0081D-E8C4-409B-8058-D1E6C6994EB0}.AppStore|x64.ActiveCfg = Release|Any CPU
		{20B0081D-E8C4-409B-8058-D1E6C6994EB0}.AppStore|x64.Build.0 = Release|Any CPU
		{20B0081D-E8C4-409B-8058-D1E6C6994EB0}.AppStore|x64.Deploy.0 = Release|Any CPU
		{20B0081D-E8C4-409B-8058-D1E6C6994EB0}.AppStore|x86.ActiveCfg = Release|x86
		{20B0081D-E8C4-409B-8058-D1E6C6994EB0}.AppStore|x86.Build.0 = Release|x86
		{20B0081D-E8C4-409B-8058-D1E6C6994EB0}.AppStore|x86.Deploy.0 = Release|x86
		{20B0081D-E8C4-409B-8058-D1E6C6994EB0}.Debug|Any CPU.ActiveCfg = Debug|Any CPU
		{20B0081D-E8C4-409B-8058-D1E6C6994EB0}.Debug|Any CPU.Build.0 = Debug|Any CPU
		{20B0081D-E8C4-409B-8058-D1E6C6994EB0}.Debug|Any CPU.Deploy.0 = Debug|Any CPU
		{20B0081D-E8C4-409B-8058-D1E6C6994EB0}.Debug|ARM.ActiveCfg = Debug|ARM
		{20B0081D-E8C4-409B-8058-D1E6C6994EB0}.Debug|ARM.Build.0 = Debug|ARM
		{20B0081D-E8C4-409B-8058-D1E6C6994EB0}.Debug|ARM.Deploy.0 = Debug|ARM
		{20B0081D-E8C4-409B-8058-D1E6C6994EB0}.Debug|iPhone.ActiveCfg = Debug|Any CPU
		{20B0081D-E8C4-409B-8058-D1E6C6994EB0}.Debug|iPhone.Build.0 = Debug|Any CPU
		{20B0081D-E8C4-409B-8058-D1E6C6994EB0}.Debug|iPhone.Deploy.0 = Debug|Any CPU
		{20B0081D-E8C4-409B-8058-D1E6C6994EB0}.Debug|iPhoneSimulator.ActiveCfg = Debug|Any CPU
		{20B0081D-E8C4-409B-8058-D1E6C6994EB0}.Debug|iPhoneSimulator.Build.0 = Debug|Any CPU
		{20B0081D-E8C4-409B-8058-D1E6C6994EB0}.Debug|iPhoneSimulator.Deploy.0 = Debug|Any CPU
		{20B0081D-E8C4-409B-8058-D1E6C6994EB0}.Debug|x64.ActiveCfg = Debug|Any CPU
		{20B0081D-E8C4-409B-8058-D1E6C6994EB0}.Debug|x64.Build.0 = Debug|Any CPU
		{20B0081D-E8C4-409B-8058-D1E6C6994EB0}.Debug|x64.Deploy.0 = Debug|Any CPU
		{20B0081D-E8C4-409B-8058-D1E6C6994EB0}.Debug|x86.ActiveCfg = Debug|x86
		{20B0081D-E8C4-409B-8058-D1E6C6994EB0}.Debug|x86.Build.0 = Debug|x86
		{20B0081D-E8C4-409B-8058-D1E6C6994EB0}.Debug|x86.Deploy.0 = Debug|x86
		{20B0081D-E8C4-409B-8058-D1E6C6994EB0}.Release|Any CPU.ActiveCfg = Release|Any CPU
		{20B0081D-E8C4-409B-8058-D1E6C6994EB0}.Release|Any CPU.Build.0 = Release|Any CPU
		{20B0081D-E8C4-409B-8058-D1E6C6994EB0}.Release|Any CPU.Deploy.0 = Release|Any CPU
		{20B0081D-E8C4-409B-8058-D1E6C6994EB0}.Release|ARM.ActiveCfg = Release|ARM
		{20B0081D-E8C4-409B-8058-D1E6C6994EB0}.Release|ARM.Build.0 = Release|ARM
		{20B0081D-E8C4-409B-8058-D1E6C6994EB0}.Release|ARM.Deploy.0 = Release|ARM
		{20B0081D-E8C4-409B-8058-D1E6C6994EB0}.Release|iPhone.ActiveCfg = Release|Any CPU
		{20B0081D-E8C4-409B-8058-D1E6C6994EB0}.Release|iPhone.Build.0 = Release|Any CPU
		{20B0081D-E8C4-409B-8058-D1E6C6994EB0}.Release|iPhone.Deploy.0 = Release|Any CPU
		{20B0081D-E8C4-409B-8058-D1E6C6994EB0}.Release|iPhoneSimulator.ActiveCfg = Release|Any CPU
		{20B0081D-E8C4-409B-8058-D1E6C6994EB0}.Release|iPhoneSimulator.Build.0 = Release|Any CPU
		{20B0081D-E8C4-409B-8058-D1E6C6994EB0}.Release|iPhoneSimulator.Deploy.0 = Release|Any CPU
		{20B0081D-E8C4-409B-8058-D1E6C6994EB0}.Release|x64.ActiveCfg = Release|Any CPU
		{20B0081D-E8C4-409B-8058-D1E6C6994EB0}.Release|x64.Build.0 = Release|Any CPU
		{20B0081D-E8C4-409B-8058-D1E6C6994EB0}.Release|x64.Deploy.0 = Release|Any CPU
		{20B0081D-E8C4-409B-8058-D1E6C6994EB0}.Release|x86.ActiveCfg = Release|x86
		{20B0081D-E8C4-409B-8058-D1E6C6994EB0}.Release|x86.Build.0 = Release|x86
		{20B0081D-E8C4-409B-8058-D1E6C6994EB0}.Release|x86.Deploy.0 = Release|x86
		{E2C62810-30B5-4BE2-8995-58C8DE440C3D}.Ad-Hoc|Any CPU.ActiveCfg = Release|x86
		{E2C62810-30B5-4BE2-8995-58C8DE440C3D}.Ad-Hoc|Any CPU.Build.0 = Release|x86
		{E2C62810-30B5-4BE2-8995-58C8DE440C3D}.Ad-Hoc|Any CPU.Deploy.0 = Release|x86
		{E2C62810-30B5-4BE2-8995-58C8DE440C3D}.Ad-Hoc|ARM.ActiveCfg = Release|ARM
		{E2C62810-30B5-4BE2-8995-58C8DE440C3D}.Ad-Hoc|ARM.Build.0 = Release|ARM
		{E2C62810-30B5-4BE2-8995-58C8DE440C3D}.Ad-Hoc|ARM.Deploy.0 = Release|ARM
		{E2C62810-30B5-4BE2-8995-58C8DE440C3D}.Ad-Hoc|iPhone.ActiveCfg = Release|x86
		{E2C62810-30B5-4BE2-8995-58C8DE440C3D}.Ad-Hoc|iPhone.Build.0 = Release|x86
		{E2C62810-30B5-4BE2-8995-58C8DE440C3D}.Ad-Hoc|iPhone.Deploy.0 = Release|x86
		{E2C62810-30B5-4BE2-8995-58C8DE440C3D}.Ad-Hoc|iPhoneSimulator.ActiveCfg = Release|x86
		{E2C62810-30B5-4BE2-8995-58C8DE440C3D}.Ad-Hoc|iPhoneSimulator.Build.0 = Release|x86
		{E2C62810-30B5-4BE2-8995-58C8DE440C3D}.Ad-Hoc|iPhoneSimulator.Deploy.0 = Release|x86
		{E2C62810-30B5-4BE2-8995-58C8DE440C3D}.Ad-Hoc|x64.ActiveCfg = Release|x64
		{E2C62810-30B5-4BE2-8995-58C8DE440C3D}.Ad-Hoc|x64.Build.0 = Release|x64
		{E2C62810-30B5-4BE2-8995-58C8DE440C3D}.Ad-Hoc|x64.Deploy.0 = Release|x64
		{E2C62810-30B5-4BE2-8995-58C8DE440C3D}.Ad-Hoc|x86.ActiveCfg = Release|x86
		{E2C62810-30B5-4BE2-8995-58C8DE440C3D}.Ad-Hoc|x86.Build.0 = Release|x86
		{E2C62810-30B5-4BE2-8995-58C8DE440C3D}.Ad-Hoc|x86.Deploy.0 = Release|x86
		{E2C62810-30B5-4BE2-8995-58C8DE440C3D}.AppStore|Any CPU.ActiveCfg = Release|x86
		{E2C62810-30B5-4BE2-8995-58C8DE440C3D}.AppStore|Any CPU.Build.0 = Release|x86
		{E2C62810-30B5-4BE2-8995-58C8DE440C3D}.AppStore|Any CPU.Deploy.0 = Release|x86
		{E2C62810-30B5-4BE2-8995-58C8DE440C3D}.AppStore|ARM.ActiveCfg = Release|ARM
		{E2C62810-30B5-4BE2-8995-58C8DE440C3D}.AppStore|ARM.Build.0 = Release|ARM
		{E2C62810-30B5-4BE2-8995-58C8DE440C3D}.AppStore|ARM.Deploy.0 = Release|ARM
		{E2C62810-30B5-4BE2-8995-58C8DE440C3D}.AppStore|iPhone.ActiveCfg = Release|x86
		{E2C62810-30B5-4BE2-8995-58C8DE440C3D}.AppStore|iPhone.Build.0 = Release|x86
		{E2C62810-30B5-4BE2-8995-58C8DE440C3D}.AppStore|iPhone.Deploy.0 = Release|x86
		{E2C62810-30B5-4BE2-8995-58C8DE440C3D}.AppStore|iPhoneSimulator.ActiveCfg = Release|x86
		{E2C62810-30B5-4BE2-8995-58C8DE440C3D}.AppStore|iPhoneSimulator.Build.0 = Release|x86
		{E2C62810-30B5-4BE2-8995-58C8DE440C3D}.AppStore|iPhoneSimulator.Deploy.0 = Release|x86
		{E2C62810-30B5-4BE2-8995-58C8DE440C3D}.AppStore|x64.ActiveCfg = Release|x64
		{E2C62810-30B5-4BE2-8995-58C8DE440C3D}.AppStore|x64.Build.0 = Release|x64
		{E2C62810-30B5-4BE2-8995-58C8DE440C3D}.AppStore|x64.Deploy.0 = Release|x64
		{E2C62810-30B5-4BE2-8995-58C8DE440C3D}.AppStore|x86.ActiveCfg = Release|x86
		{E2C62810-30B5-4BE2-8995-58C8DE440C3D}.AppStore|x86.Build.0 = Release|x86
		{E2C62810-30B5-4BE2-8995-58C8DE440C3D}.AppStore|x86.Deploy.0 = Release|x86
		{E2C62810-30B5-4BE2-8995-58C8DE440C3D}.Debug|Any CPU.ActiveCfg = Debug|x86
		{E2C62810-30B5-4BE2-8995-58C8DE440C3D}.Debug|ARM.ActiveCfg = Debug|ARM
		{E2C62810-30B5-4BE2-8995-58C8DE440C3D}.Debug|ARM.Build.0 = Debug|ARM
		{E2C62810-30B5-4BE2-8995-58C8DE440C3D}.Debug|ARM.Deploy.0 = Debug|ARM
		{E2C62810-30B5-4BE2-8995-58C8DE440C3D}.Debug|iPhone.ActiveCfg = Debug|x86
		{E2C62810-30B5-4BE2-8995-58C8DE440C3D}.Debug|iPhoneSimulator.ActiveCfg = Debug|x86
		{E2C62810-30B5-4BE2-8995-58C8DE440C3D}.Debug|x64.ActiveCfg = Debug|x64
		{E2C62810-30B5-4BE2-8995-58C8DE440C3D}.Debug|x64.Build.0 = Debug|x64
		{E2C62810-30B5-4BE2-8995-58C8DE440C3D}.Debug|x64.Deploy.0 = Debug|x64
		{E2C62810-30B5-4BE2-8995-58C8DE440C3D}.Debug|x86.ActiveCfg = Debug|x86
		{E2C62810-30B5-4BE2-8995-58C8DE440C3D}.Debug|x86.Build.0 = Debug|x86
		{E2C62810-30B5-4BE2-8995-58C8DE440C3D}.Debug|x86.Deploy.0 = Debug|x86
		{E2C62810-30B5-4BE2-8995-58C8DE440C3D}.Release|Any CPU.ActiveCfg = Release|x86
		{E2C62810-30B5-4BE2-8995-58C8DE440C3D}.Release|ARM.ActiveCfg = Release|ARM
		{E2C62810-30B5-4BE2-8995-58C8DE440C3D}.Release|ARM.Build.0 = Release|ARM
		{E2C62810-30B5-4BE2-8995-58C8DE440C3D}.Release|ARM.Deploy.0 = Release|ARM
		{E2C62810-30B5-4BE2-8995-58C8DE440C3D}.Release|iPhone.ActiveCfg = Release|x86
		{E2C62810-30B5-4BE2-8995-58C8DE440C3D}.Release|iPhoneSimulator.ActiveCfg = Release|x86
		{E2C62810-30B5-4BE2-8995-58C8DE440C3D}.Release|x64.ActiveCfg = Release|x64
		{E2C62810-30B5-4BE2-8995-58C8DE440C3D}.Release|x64.Build.0 = Release|x64
		{E2C62810-30B5-4BE2-8995-58C8DE440C3D}.Release|x64.Deploy.0 = Release|x64
		{E2C62810-30B5-4BE2-8995-58C8DE440C3D}.Release|x86.ActiveCfg = Release|x86
		{E2C62810-30B5-4BE2-8995-58C8DE440C3D}.Release|x86.Build.0 = Release|x86
		{E2C62810-30B5-4BE2-8995-58C8DE440C3D}.Release|x86.Deploy.0 = Release|x86
		{8AF2942A-5396-4C95-8967-6394F260E711}.Ad-Hoc|Any CPU.ActiveCfg = Release|Any CPU
		{8AF2942A-5396-4C95-8967-6394F260E711}.Ad-Hoc|Any CPU.Build.0 = Release|Any CPU
		{8AF2942A-5396-4C95-8967-6394F260E711}.Ad-Hoc|Any CPU.Deploy.0 = Release|Any CPU
		{8AF2942A-5396-4C95-8967-6394F260E711}.Ad-Hoc|ARM.ActiveCfg = Release|ARM
		{8AF2942A-5396-4C95-8967-6394F260E711}.Ad-Hoc|ARM.Build.0 = Release|ARM
		{8AF2942A-5396-4C95-8967-6394F260E711}.Ad-Hoc|ARM.Deploy.0 = Release|ARM
		{8AF2942A-5396-4C95-8967-6394F260E711}.Ad-Hoc|iPhone.ActiveCfg = Release|Any CPU
		{8AF2942A-5396-4C95-8967-6394F260E711}.Ad-Hoc|iPhone.Build.0 = Release|Any CPU
		{8AF2942A-5396-4C95-8967-6394F260E711}.Ad-Hoc|iPhone.Deploy.0 = Release|Any CPU
		{8AF2942A-5396-4C95-8967-6394F260E711}.Ad-Hoc|iPhoneSimulator.ActiveCfg = Release|Any CPU
		{8AF2942A-5396-4C95-8967-6394F260E711}.Ad-Hoc|iPhoneSimulator.Build.0 = Release|Any CPU
		{8AF2942A-5396-4C95-8967-6394F260E711}.Ad-Hoc|iPhoneSimulator.Deploy.0 = Release|Any CPU
		{8AF2942A-5396-4C95-8967-6394F260E711}.Ad-Hoc|x64.ActiveCfg = Release|x64
		{8AF2942A-5396-4C95-8967-6394F260E711}.Ad-Hoc|x64.Build.0 = Release|x64
		{8AF2942A-5396-4C95-8967-6394F260E711}.Ad-Hoc|x64.Deploy.0 = Release|x64
		{8AF2942A-5396-4C95-8967-6394F260E711}.Ad-Hoc|x86.ActiveCfg = Release|x86
		{8AF2942A-5396-4C95-8967-6394F260E711}.Ad-Hoc|x86.Build.0 = Release|x86
		{8AF2942A-5396-4C95-8967-6394F260E711}.Ad-Hoc|x86.Deploy.0 = Release|x86
		{8AF2942A-5396-4C95-8967-6394F260E711}.AppStore|Any CPU.ActiveCfg = Release|Any CPU
		{8AF2942A-5396-4C95-8967-6394F260E711}.AppStore|Any CPU.Build.0 = Release|Any CPU
		{8AF2942A-5396-4C95-8967-6394F260E711}.AppStore|Any CPU.Deploy.0 = Release|Any CPU
		{8AF2942A-5396-4C95-8967-6394F260E711}.AppStore|ARM.ActiveCfg = Release|ARM
		{8AF2942A-5396-4C95-8967-6394F260E711}.AppStore|ARM.Build.0 = Release|ARM
		{8AF2942A-5396-4C95-8967-6394F260E711}.AppStore|ARM.Deploy.0 = Release|ARM
		{8AF2942A-5396-4C95-8967-6394F260E711}.AppStore|iPhone.ActiveCfg = Release|Any CPU
		{8AF2942A-5396-4C95-8967-6394F260E711}.AppStore|iPhone.Build.0 = Release|Any CPU
		{8AF2942A-5396-4C95-8967-6394F260E711}.AppStore|iPhone.Deploy.0 = Release|Any CPU
		{8AF2942A-5396-4C95-8967-6394F260E711}.AppStore|iPhoneSimulator.ActiveCfg = Release|Any CPU
		{8AF2942A-5396-4C95-8967-6394F260E711}.AppStore|iPhoneSimulator.Build.0 = Release|Any CPU
		{8AF2942A-5396-4C95-8967-6394F260E711}.AppStore|iPhoneSimulator.Deploy.0 = Release|Any CPU
		{8AF2942A-5396-4C95-8967-6394F260E711}.AppStore|x64.ActiveCfg = Release|x64
		{8AF2942A-5396-4C95-8967-6394F260E711}.AppStore|x64.Build.0 = Release|x64
		{8AF2942A-5396-4C95-8967-6394F260E711}.AppStore|x64.Deploy.0 = Release|x64
		{8AF2942A-5396-4C95-8967-6394F260E711}.AppStore|x86.ActiveCfg = Release|x86
		{8AF2942A-5396-4C95-8967-6394F260E711}.AppStore|x86.Build.0 = Release|x86
		{8AF2942A-5396-4C95-8967-6394F260E711}.AppStore|x86.Deploy.0 = Release|x86
		{8AF2942A-5396-4C95-8967-6394F260E711}.Debug|Any CPU.ActiveCfg = Debug|Any CPU
		{8AF2942A-5396-4C95-8967-6394F260E711}.Debug|Any CPU.Build.0 = Debug|Any CPU
		{8AF2942A-5396-4C95-8967-6394F260E711}.Debug|Any CPU.Deploy.0 = Debug|Any CPU
		{8AF2942A-5396-4C95-8967-6394F260E711}.Debug|ARM.ActiveCfg = Debug|ARM
		{8AF2942A-5396-4C95-8967-6394F260E711}.Debug|ARM.Build.0 = Debug|ARM
		{8AF2942A-5396-4C95-8967-6394F260E711}.Debug|ARM.Deploy.0 = Debug|ARM
		{8AF2942A-5396-4C95-8967-6394F260E711}.Debug|iPhone.ActiveCfg = Debug|Any CPU
		{8AF2942A-5396-4C95-8967-6394F260E711}.Debug|iPhone.Build.0 = Debug|Any CPU
		{8AF2942A-5396-4C95-8967-6394F260E711}.Debug|iPhone.Deploy.0 = Debug|Any CPU
		{8AF2942A-5396-4C95-8967-6394F260E711}.Debug|iPhoneSimulator.ActiveCfg = Debug|Any CPU
		{8AF2942A-5396-4C95-8967-6394F260E711}.Debug|iPhoneSimulator.Build.0 = Debug|Any CPU
		{8AF2942A-5396-4C95-8967-6394F260E711}.Debug|iPhoneSimulator.Deploy.0 = Debug|Any CPU
		{8AF2942A-5396-4C95-8967-6394F260E711}.Debug|x64.ActiveCfg = Debug|x64
		{8AF2942A-5396-4C95-8967-6394F260E711}.Debug|x64.Build.0 = Debug|x64
		{8AF2942A-5396-4C95-8967-6394F260E711}.Debug|x64.Deploy.0 = Debug|x64
		{8AF2942A-5396-4C95-8967-6394F260E711}.Debug|x86.ActiveCfg = Debug|x86
		{8AF2942A-5396-4C95-8967-6394F260E711}.Debug|x86.Build.0 = Debug|x86
		{8AF2942A-5396-4C95-8967-6394F260E711}.Debug|x86.Deploy.0 = Debug|x86
		{8AF2942A-5396-4C95-8967-6394F260E711}.Release|Any CPU.ActiveCfg = Release|Any CPU
		{8AF2942A-5396-4C95-8967-6394F260E711}.Release|Any CPU.Build.0 = Release|Any CPU
		{8AF2942A-5396-4C95-8967-6394F260E711}.Release|Any CPU.Deploy.0 = Release|Any CPU
		{8AF2942A-5396-4C95-8967-6394F260E711}.Release|ARM.ActiveCfg = Release|ARM
		{8AF2942A-5396-4C95-8967-6394F260E711}.Release|ARM.Build.0 = Release|ARM
		{8AF2942A-5396-4C95-8967-6394F260E711}.Release|ARM.Deploy.0 = Release|ARM
		{8AF2942A-5396-4C95-8967-6394F260E711}.Release|iPhone.ActiveCfg = Release|Any CPU
		{8AF2942A-5396-4C95-8967-6394F260E711}.Release|iPhone.Build.0 = Release|Any CPU
		{8AF2942A-5396-4C95-8967-6394F260E711}.Release|iPhone.Deploy.0 = Release|Any CPU
		{8AF2942A-5396-4C95-8967-6394F260E711}.Release|iPhoneSimulator.ActiveCfg = Release|Any CPU
		{8AF2942A-5396-4C95-8967-6394F260E711}.Release|iPhoneSimulator.Build.0 = Release|Any CPU
		{8AF2942A-5396-4C95-8967-6394F260E711}.Release|iPhoneSimulator.Deploy.0 = Release|Any CPU
		{8AF2942A-5396-4C95-8967-6394F260E711}.Release|x64.ActiveCfg = Release|x64
		{8AF2942A-5396-4C95-8967-6394F260E711}.Release|x64.Build.0 = Release|x64
		{8AF2942A-5396-4C95-8967-6394F260E711}.Release|x64.Deploy.0 = Release|x64
		{8AF2942A-5396-4C95-8967-6394F260E711}.Release|x86.ActiveCfg = Release|x86
		{8AF2942A-5396-4C95-8967-6394F260E711}.Release|x86.Build.0 = Release|x86
		{8AF2942A-5396-4C95-8967-6394F260E711}.Release|x86.Deploy.0 = Release|x86
		{0C389DD8-D64B-4940-9743-735644E8DF99}.Ad-Hoc|Any CPU.ActiveCfg = Release|Any CPU
		{0C389DD8-D64B-4940-9743-735644E8DF99}.Ad-Hoc|Any CPU.Build.0 = Release|Any CPU
		{0C389DD8-D64B-4940-9743-735644E8DF99}.Ad-Hoc|ARM.ActiveCfg = Release|Any CPU
		{0C389DD8-D64B-4940-9743-735644E8DF99}.Ad-Hoc|ARM.Build.0 = Release|Any CPU
		{0C389DD8-D64B-4940-9743-735644E8DF99}.Ad-Hoc|iPhone.ActiveCfg = Release|Any CPU
		{0C389DD8-D64B-4940-9743-735644E8DF99}.Ad-Hoc|iPhone.Build.0 = Release|Any CPU
		{0C389DD8-D64B-4940-9743-735644E8DF99}.Ad-Hoc|iPhoneSimulator.ActiveCfg = Release|Any CPU
		{0C389DD8-D64B-4940-9743-735644E8DF99}.Ad-Hoc|iPhoneSimulator.Build.0 = Release|Any CPU
		{0C389DD8-D64B-4940-9743-735644E8DF99}.Ad-Hoc|x64.ActiveCfg = Release|Any CPU
		{0C389DD8-D64B-4940-9743-735644E8DF99}.Ad-Hoc|x64.Build.0 = Release|Any CPU
		{0C389DD8-D64B-4940-9743-735644E8DF99}.Ad-Hoc|x86.ActiveCfg = Release|Any CPU
		{0C389DD8-D64B-4940-9743-735644E8DF99}.Ad-Hoc|x86.Build.0 = Release|Any CPU
		{0C389DD8-D64B-4940-9743-735644E8DF99}.AppStore|Any CPU.ActiveCfg = Release|Any CPU
		{0C389DD8-D64B-4940-9743-735644E8DF99}.AppStore|Any CPU.Build.0 = Release|Any CPU
		{0C389DD8-D64B-4940-9743-735644E8DF99}.AppStore|ARM.ActiveCfg = Release|Any CPU
		{0C389DD8-D64B-4940-9743-735644E8DF99}.AppStore|ARM.Build.0 = Release|Any CPU
		{0C389DD8-D64B-4940-9743-735644E8DF99}.AppStore|iPhone.ActiveCfg = Release|Any CPU
		{0C389DD8-D64B-4940-9743-735644E8DF99}.AppStore|iPhone.Build.0 = Release|Any CPU
		{0C389DD8-D64B-4940-9743-735644E8DF99}.AppStore|iPhoneSimulator.ActiveCfg = Release|Any CPU
		{0C389DD8-D64B-4940-9743-735644E8DF99}.AppStore|iPhoneSimulator.Build.0 = Release|Any CPU
		{0C389DD8-D64B-4940-9743-735644E8DF99}.AppStore|x64.ActiveCfg = Release|Any CPU
		{0C389DD8-D64B-4940-9743-735644E8DF99}.AppStore|x64.Build.0 = Release|Any CPU
		{0C389DD8-D64B-4940-9743-735644E8DF99}.AppStore|x86.ActiveCfg = Release|Any CPU
		{0C389DD8-D64B-4940-9743-735644E8DF99}.AppStore|x86.Build.0 = Release|Any CPU
		{0C389DD8-D64B-4940-9743-735644E8DF99}.Debug|Any CPU.ActiveCfg = Debug|Any CPU
		{0C389DD8-D64B-4940-9743-735644E8DF99}.Debug|Any CPU.Build.0 = Debug|Any CPU
		{0C389DD8-D64B-4940-9743-735644E8DF99}.Debug|ARM.ActiveCfg = Debug|Any CPU
		{0C389DD8-D64B-4940-9743-735644E8DF99}.Debug|ARM.Build.0 = Debug|Any CPU
		{0C389DD8-D64B-4940-9743-735644E8DF99}.Debug|iPhone.ActiveCfg = Debug|Any CPU
		{0C389DD8-D64B-4940-9743-735644E8DF99}.Debug|iPhone.Build.0 = Debug|Any CPU
		{0C389DD8-D64B-4940-9743-735644E8DF99}.Debug|iPhoneSimulator.ActiveCfg = Debug|Any CPU
		{0C389DD8-D64B-4940-9743-735644E8DF99}.Debug|iPhoneSimulator.Build.0 = Debug|Any CPU
		{0C389DD8-D64B-4940-9743-735644E8DF99}.Debug|x64.ActiveCfg = Debug|Any CPU
		{0C389DD8-D64B-4940-9743-735644E8DF99}.Debug|x64.Build.0 = Debug|Any CPU
		{0C389DD8-D64B-4940-9743-735644E8DF99}.Debug|x86.ActiveCfg = Debug|Any CPU
		{0C389DD8-D64B-4940-9743-735644E8DF99}.Debug|x86.Build.0 = Debug|Any CPU
		{0C389DD8-D64B-4940-9743-735644E8DF99}.Release|Any CPU.ActiveCfg = Release|Any CPU
		{0C389DD8-D64B-4940-9743-735644E8DF99}.Release|Any CPU.Build.0 = Release|Any CPU
		{0C389DD8-D64B-4940-9743-735644E8DF99}.Release|ARM.ActiveCfg = Release|Any CPU
		{0C389DD8-D64B-4940-9743-735644E8DF99}.Release|ARM.Build.0 = Release|Any CPU
		{0C389DD8-D64B-4940-9743-735644E8DF99}.Release|iPhone.ActiveCfg = Release|Any CPU
		{0C389DD8-D64B-4940-9743-735644E8DF99}.Release|iPhone.Build.0 = Release|Any CPU
		{0C389DD8-D64B-4940-9743-735644E8DF99}.Release|iPhoneSimulator.ActiveCfg = Release|Any CPU
		{0C389DD8-D64B-4940-9743-735644E8DF99}.Release|iPhoneSimulator.Build.0 = Release|Any CPU
		{0C389DD8-D64B-4940-9743-735644E8DF99}.Release|x64.ActiveCfg = Release|Any CPU
		{0C389DD8-D64B-4940-9743-735644E8DF99}.Release|x64.Build.0 = Release|Any CPU
		{0C389DD8-D64B-4940-9743-735644E8DF99}.Release|x86.ActiveCfg = Release|Any CPU
		{0C389DD8-D64B-4940-9743-735644E8DF99}.Release|x86.Build.0 = Release|Any CPU
	EndGlobalSection
	GlobalSection(SolutionProperties) = preSolution
		HideSolutionNode = FALSE
	EndGlobalSection
EndGlobal
